
Microsoft Visual Studio Solution File, Format Version 12.00
# Visual Studio 14
VisualStudioVersion = 14.0.25420.1
MinimumVisualStudioVersion = 10.0.40219.1
Project("{FAE04EC0-301F-11D3-BF4B-00C04F79EFBC}") = "WPF_Hello", "WPF_Hello\WPF_Hello.csproj", "{65289EDB-9493-4796-84B9-4B9CB380057B}"
EndProject
Project("{FAE04EC0-301F-11D3-BF4B-00C04F79EFBC}") = "vko6maT1", "vko6maT1\vko6maT1.csproj", "{3CE4DBBF-3A57-4582-86F8-A91FF83C6EBE}"
EndProject
Global
	GlobalSection(SolutionConfigurationPlatforms) = preSolution
		Debug|Any CPU = Debug|Any CPU
		Release|Any CPU = Release|Any CPU
	EndGlobalSection
	GlobalSection(ProjectConfigurationPlatforms) = postSolution
		{65289EDB-9493-4796-84B9-4B9CB380057B}.Debug|Any CPU.ActiveCfg = Debug|Any CPU
		{65289EDB-9493-4796-84B9-4B9CB380057B}.Debug|Any CPU.Build.0 = Debug|Any CPU
		{65289EDB-9493-4796-84B9-4B9CB380057B}.Release|Any CPU.ActiveCfg = Release|Any CPU
		{65289EDB-9493-4796-84B9-4B9CB380057B}.Release|Any CPU.Build.0 = Release|Any CPU
		{3CE4DBBF-3A57-4582-86F8-A91FF83C6EBE}.Debug|Any CPU.ActiveCfg = Debug|Any CPU
		{3CE4DBBF-3A57-4582-86F8-A91FF83C6EBE}.Debug|Any CPU.Build.0 = Debug|Any CPU
		{3CE4DBBF-3A57-4582-86F8-A91FF83C6EBE}.Release|Any CPU.ActiveCfg = Release|Any CPU
		{3CE4DBBF-3A57-4582-86F8-A91FF83C6EBE}.Release|Any CPU.Build.0 = Release|Any CPU
	EndGlobalSection
	GlobalSection(SolutionProperties) = preSolution
		HideSolutionNode = FALSE
	EndGlobalSection
EndGlobal
