
Microsoft Visual Studio Solution File, Format Version 12.00
# Visual Studio 14
VisualStudioVersion = 14.0.25420.1
MinimumVisualStudioVersion = 10.0.40219.1
Project("{FAE04EC0-301F-11D3-BF4B-00C04F79EFBC}") = "WPF_Hello", "WPF_Hello\WPF_Hello.csproj", "{65289EDB-9493-4796-84B9-4B9CB380057B}"
EndProject
Project("{FAE04EC0-301F-11D3-BF4B-00C04F79EFBC}") = "vko6maT1", "vko6maT1\vko6maT1.csproj", "{3CE4DBBF-3A57-4582-86F8-A91FF83C6EBE}"
EndProject
Project("{FAE04EC0-301F-11D3-BF4B-00C04F79EFBC}") = "vko6maT2", "vko6maT2\vko6maT2.csproj", "{88D519B4-F7B8-46BE-AC1B-AFE8A677D6FF}"
EndProject
Project("{FAE04EC0-301F-11D3-BF4B-00C04F79EFBC}") = "vko6maT3", "vko6maT3\vko6maT3.csproj", "{D6C2A847-109E-4ED7-A049-3787D978EBF2}"
EndProject
Project("{FAE04EC0-301F-11D3-BF4B-00C04F79EFBC}") = "vko6keExamples", "vko6keExamples\vko6keExamples.csproj", "{7A5D9BCC-67A8-429B-92DE-F7934ABEABDF}"
EndProject
Project("{FAE04EC0-301F-11D3-BF4B-00C04F79EFBC}") = "vko6keT1", "vko6keT1\vko6keT1.csproj", "{85A9BC7C-30C2-404D-8A8A-BA0D848E014A}"
EndProject
Project("{FAE04EC0-301F-11D3-BF4B-00C04F79EFBC}") = "vko6keT2", "vko6keT2\vko6keT2.csproj", "{80E91435-3238-4E15-BAE8-BCC8D912CC7B}"
EndProject
Project("{FAE04EC0-301F-11D3-BF4B-00C04F79EFBC}") = "vko6keT3", "vko6keT3\vko6keT3.csproj", "{4DA9B817-234A-4B16-A02C-9B845FD6965F}"
EndProject
Global
	GlobalSection(SolutionConfigurationPlatforms) = preSolution
		Debug|Any CPU = Debug|Any CPU
		Release|Any CPU = Release|Any CPU
	EndGlobalSection
	GlobalSection(ProjectConfigurationPlatforms) = postSolution
		{65289EDB-9493-4796-84B9-4B9CB380057B}.Debug|Any CPU.ActiveCfg = Debug|Any CPU
		{65289EDB-9493-4796-84B9-4B9CB380057B}.Debug|Any CPU.Build.0 = Debug|Any CPU
		{65289EDB-9493-4796-84B9-4B9CB380057B}.Release|Any CPU.ActiveCfg = Release|Any CPU
		{65289EDB-9493-4796-84B9-4B9CB380057B}.Release|Any CPU.Build.0 = Release|Any CPU
		{3CE4DBBF-3A57-4582-86F8-A91FF83C6EBE}.Debug|Any CPU.ActiveCfg = Debug|Any CPU
		{3CE4DBBF-3A57-4582-86F8-A91FF83C6EBE}.Debug|Any CPU.Build.0 = Debug|Any CPU
		{3CE4DBBF-3A57-4582-86F8-A91FF83C6EBE}.Release|Any CPU.ActiveCfg = Release|Any CPU
		{3CE4DBBF-3A57-4582-86F8-A91FF83C6EBE}.Release|Any CPU.Build.0 = Release|Any CPU
		{88D519B4-F7B8-46BE-AC1B-AFE8A677D6FF}.Debug|Any CPU.ActiveCfg = Debug|Any CPU
		{88D519B4-F7B8-46BE-AC1B-AFE8A677D6FF}.Debug|Any CPU.Build.0 = Debug|Any CPU
		{88D519B4-F7B8-46BE-AC1B-AFE8A677D6FF}.Release|Any CPU.ActiveCfg = Release|Any CPU
		{88D519B4-F7B8-46BE-AC1B-AFE8A677D6FF}.Release|Any CPU.Build.0 = Release|Any CPU
		{D6C2A847-109E-4ED7-A049-3787D978EBF2}.Debug|Any CPU.ActiveCfg = Debug|Any CPU
		{D6C2A847-109E-4ED7-A049-3787D978EBF2}.Debug|Any CPU.Build.0 = Debug|Any CPU
		{D6C2A847-109E-4ED7-A049-3787D978EBF2}.Release|Any CPU.ActiveCfg = Release|Any CPU
		{D6C2A847-109E-4ED7-A049-3787D978EBF2}.Release|Any CPU.Build.0 = Release|Any CPU
		{7A5D9BCC-67A8-429B-92DE-F7934ABEABDF}.Debug|Any CPU.ActiveCfg = Debug|Any CPU
		{7A5D9BCC-67A8-429B-92DE-F7934ABEABDF}.Debug|Any CPU.Build.0 = Debug|Any CPU
		{7A5D9BCC-67A8-429B-92DE-F7934ABEABDF}.Release|Any CPU.ActiveCfg = Release|Any CPU
		{7A5D9BCC-67A8-429B-92DE-F7934ABEABDF}.Release|Any CPU.Build.0 = Release|Any CPU
		{85A9BC7C-30C2-404D-8A8A-BA0D848E014A}.Debug|Any CPU.ActiveCfg = Debug|Any CPU
		{85A9BC7C-30C2-404D-8A8A-BA0D848E014A}.Debug|Any CPU.Build.0 = Debug|Any CPU
		{85A9BC7C-30C2-404D-8A8A-BA0D848E014A}.Release|Any CPU.ActiveCfg = Release|Any CPU
		{85A9BC7C-30C2-404D-8A8A-BA0D848E014A}.Release|Any CPU.Build.0 = Release|Any CPU
		{80E91435-3238-4E15-BAE8-BCC8D912CC7B}.Debug|Any CPU.ActiveCfg = Debug|Any CPU
		{80E91435-3238-4E15-BAE8-BCC8D912CC7B}.Debug|Any CPU.Build.0 = Debug|Any CPU
		{80E91435-3238-4E15-BAE8-BCC8D912CC7B}.Release|Any CPU.ActiveCfg = Release|Any CPU
		{80E91435-3238-4E15-BAE8-BCC8D912CC7B}.Release|Any CPU.Build.0 = Release|Any CPU
		{4DA9B817-234A-4B16-A02C-9B845FD6965F}.Debug|Any CPU.ActiveCfg = Debug|Any CPU
		{4DA9B817-234A-4B16-A02C-9B845FD6965F}.Debug|Any CPU.Build.0 = Debug|Any CPU
		{4DA9B817-234A-4B16-A02C-9B845FD6965F}.Release|Any CPU.ActiveCfg = Release|Any CPU
		{4DA9B817-234A-4B16-A02C-9B845FD6965F}.Release|Any CPU.Build.0 = Release|Any CPU
	EndGlobalSection
	GlobalSection(SolutionProperties) = preSolution
		HideSolutionNode = FALSE
	EndGlobalSection
EndGlobal
